
Microsoft Visual Studio Solution File, Format Version 12.00
# Visual Studio Version 17
VisualStudioVersion = 17.3.32804.467
MinimumVisualStudioVersion = 10.0.40219.1
Project("{9A19103F-16F7-4668-BE54-9A1E7A4F7556}") = "Timocom.Soap.Testing", "Timocom.Soap.Testing\Timocom.Soap.Testing.csproj", "{B25CA721-66EB-4386-9E27-2F124077ADEE}"
EndProject
Project("{9A19103F-16F7-4668-BE54-9A1E7A4F7556}") = "Timocom.Soap.Production", "Timocom.Soap.Production\Timocom.Soap.Production.csproj", "{7AA28C0A-CDA4-4608-AA88-E3E1763E14C1}"
EndProject
Global
	GlobalSection(SolutionConfigurationPlatforms) = preSolution
		Debug|Any CPU = Debug|Any CPU
		Release|Any CPU = Release|Any CPU
	EndGlobalSection
	GlobalSection(ProjectConfigurationPlatforms) = postSolution
		{B25CA721-66EB-4386-9E27-2F124077ADEE}.Debug|Any CPU.ActiveCfg = Debug|Any CPU
		{B25CA721-66EB-4386-9E27-2F124077ADEE}.Debug|Any CPU.Build.0 = Debug|Any CPU
		{B25CA721-66EB-4386-9E27-2F124077ADEE}.Release|Any CPU.ActiveCfg = Release|Any CPU
		{B25CA721-66EB-4386-9E27-2F124077ADEE}.Release|Any CPU.Build.0 = Release|Any CPU
		{7AA28C0A-CDA4-4608-AA88-E3E1763E14C1}.Debug|Any CPU.ActiveCfg = Debug|Any CPU
		{7AA28C0A-CDA4-4608-AA88-E3E1763E14C1}.Debug|Any CPU.Build.0 = Debug|Any CPU
		{7AA28C0A-CDA4-4608-AA88-E3E1763E14C1}.Release|Any CPU.ActiveCfg = Release|Any CPU
		{7AA28C0A-CDA4-4608-AA88-E3E1763E14C1}.Release|Any CPU.Build.0 = Release|Any CPU
	EndGlobalSection
	GlobalSection(SolutionProperties) = preSolution
		HideSolutionNode = FALSE
	EndGlobalSection
	GlobalSection(ExtensibilityGlobals) = postSolution
		SolutionGuid = {AC2B688B-0561-4F68-B2B1-F211BE3EBB9D}
	EndGlobalSection
EndGlobal
